// !$*UTF8*$!
{
	archiveVersion = 1;
	classes = {
	};
	objectVersion = 56;
	objects = {

/* Begin PBXBuildFile section */
		035E4BF72A3F73B300EB06DC /* AppDelegate.swift in Sources */ = {isa = PBXBuildFile; fileRef = 035E4BF62A3F73B300EB06DC /* AppDelegate.swift */; };
		035E4BF92A3F73B300EB06DC /* SceneDelegate.swift in Sources */ = {isa = PBXBuildFile; fileRef = 035E4BF82A3F73B300EB06DC /* SceneDelegate.swift */; };
		035E4BFB2A3F73B300EB06DC /* ViewController.swift in Sources */ = {isa = PBXBuildFile; fileRef = 035E4BFA2A3F73B300EB06DC /* ViewController.swift */; };
		035E4BFE2A3F73B300EB06DC /* Main.storyboard in Resources */ = {isa = PBXBuildFile; fileRef = 035E4BFC2A3F73B300EB06DC /* Main.storyboard */; };
		035E4C002A3F73B500EB06DC /* Assets.xcassets in Resources */ = {isa = PBXBuildFile; fileRef = 035E4BFF2A3F73B500EB06DC /* Assets.xcassets */; };
		035E4C032A3F73B500EB06DC /* LaunchScreen.storyboard in Resources */ = {isa = PBXBuildFile; fileRef = 035E4C012A3F73B500EB06DC /* LaunchScreen.storyboard */; };
		035E4C0B2A3F743A00EB06DC /* CanvasCollectionViewCell.swift in Sources */ = {isa = PBXBuildFile; fileRef = 035E4C0A2A3F743A00EB06DC /* CanvasCollectionViewCell.swift */; };
		035E4C0D2A3F744A00EB06DC /* ReadFromPlist.swift in Sources */ = {isa = PBXBuildFile; fileRef = 035E4C0C2A3F744A00EB06DC /* ReadFromPlist.swift */; };
		035E4C112A3F74CB00EB06DC /* CanvasSizeDataSource.plist in Resources */ = {isa = PBXBuildFile; fileRef = 035E4C102A3F74CB00EB06DC /* CanvasSizeDataSource.plist */; };
/* End PBXBuildFile section */

/* Begin PBXFileReference section */
		035E4BF32A3F73B300EB06DC /* TKCanvas.app */ = {isa = PBXFileReference; explicitFileType = wrapper.application; includeInIndex = 0; path = TKCanvas.app; sourceTree = BUILT_PRODUCTS_DIR; };
		035E4BF62A3F73B300EB06DC /* AppDelegate.swift */ = {isa = PBXFileReference; lastKnownFileType = sourcecode.swift; path = AppDelegate.swift; sourceTree = "<group>"; };
		035E4BF82A3F73B300EB06DC /* SceneDelegate.swift */ = {isa = PBXFileReference; lastKnownFileType = sourcecode.swift; path = SceneDelegate.swift; sourceTree = "<group>"; };
		035E4BFA2A3F73B300EB06DC /* ViewController.swift */ = {isa = PBXFileReference; lastKnownFileType = sourcecode.swift; path = ViewController.swift; sourceTree = "<group>"; };
		035E4BFD2A3F73B300EB06DC /* Base */ = {isa = PBXFileReference; lastKnownFileType = file.storyboard; name = Base; path = Base.lproj/Main.storyboard; sourceTree = "<group>"; };
		035E4BFF2A3F73B500EB06DC /* Assets.xcassets */ = {isa = PBXFileReference; lastKnownFileType = folder.assetcatalog; path = Assets.xcassets; sourceTree = "<group>"; };
		035E4C022A3F73B500EB06DC /* Base */ = {isa = PBXFileReference; lastKnownFileType = file.storyboard; name = Base; path = Base.lproj/LaunchScreen.storyboard; sourceTree = "<group>"; };
		035E4C042A3F73B500EB06DC /* Info.plist */ = {isa = PBXFileReference; lastKnownFileType = text.plist.xml; path = Info.plist; sourceTree = "<group>"; };
		035E4C0A2A3F743A00EB06DC /* CanvasCollectionViewCell.swift */ = {isa = PBXFileReference; lastKnownFileType = sourcecode.swift; path = CanvasCollectionViewCell.swift; sourceTree = "<group>"; };
		035E4C0C2A3F744A00EB06DC /* ReadFromPlist.swift */ = {isa = PBXFileReference; lastKnownFileType = sourcecode.swift; path = ReadFromPlist.swift; sourceTree = "<group>"; };
		035E4C102A3F74CB00EB06DC /* CanvasSizeDataSource.plist */ = {isa = PBXFileReference; fileEncoding = 4; lastKnownFileType = text.plist.xml; path = CanvasSizeDataSource.plist; sourceTree = "<group>"; };
/* End PBXFileReference section */

/* Begin PBXFrameworksBuildPhase section */
		035E4BF02A3F73B300EB06DC /* Frameworks */ = {
			isa = PBXFrameworksBuildPhase;
			buildActionMask = 2147483647;
			files = (
			);
			runOnlyForDeploymentPostprocessing = 0;
		};
/* End PBXFrameworksBuildPhase section */

/* Begin PBXGroup section */
		035E4BEA2A3F73B300EB06DC = {
			isa = PBXGroup;
			children = (
				035E4BF52A3F73B300EB06DC /* TKCanvas */,
				035E4BF42A3F73B300EB06DC /* Products */,
			);
			sourceTree = "<group>";
		};
		035E4BF42A3F73B300EB06DC /* Products */ = {
			isa = PBXGroup;
			children = (
				035E4BF32A3F73B300EB06DC /* TKCanvas.app */,
			);
			name = Products;
			sourceTree = "<group>";
		};
		035E4BF52A3F73B300EB06DC /* TKCanvas */ = {
			isa = PBXGroup;
			children = (
				035E4BF62A3F73B300EB06DC /* AppDelegate.swift */,
				035E4BF82A3F73B300EB06DC /* SceneDelegate.swift */,
				035E4BFA2A3F73B300EB06DC /* ViewController.swift */,
				035E4C0C2A3F744A00EB06DC /* ReadFromPlist.swift */,
				035E4C0A2A3F743A00EB06DC /* CanvasCollectionViewCell.swift */,
				035E4BFC2A3F73B300EB06DC /* Main.storyboard */,
				035E4BFF2A3F73B500EB06DC /* Assets.xcassets */,
				035E4C012A3F73B500EB06DC /* LaunchScreen.storyboard */,
				035E4C042A3F73B500EB06DC /* Info.plist */,
				035E4C102A3F74CB00EB06DC /* CanvasSizeDataSource.plist */,
			);
			path = TKCanvas;
			sourceTree = "<group>";
		};
/* End PBXGroup section */

/* Begin PBXNativeTarget section */
		035E4BF22A3F73B300EB06DC /* TKCanvas */ = {
			isa = PBXNativeTarget;
			buildConfigurationList = 035E4C072A3F73B500EB06DC /* Build configuration list for PBXNativeTarget "TKCanvas" */;
			buildPhases = (
				035E4BEF2A3F73B300EB06DC /* Sources */,
				035E4BF02A3F73B300EB06DC /* Frameworks */,
				035E4BF12A3F73B300EB06DC /* Resources */,
			);
			buildRules = (
			);
			dependencies = (
			);
			name = TKCanvas;
			productName = TKCanvas;
			productReference = 035E4BF32A3F73B300EB06DC /* TKCanvas.app */;
			productType = "com.apple.product-type.application";
		};
/* End PBXNativeTarget section */

/* Begin PBXProject section */
		035E4BEB2A3F73B300EB06DC /* Project object */ = {
			isa = PBXProject;
			attributes = {
				BuildIndependentTargetsInParallel = 1;
				LastSwiftUpdateCheck = 1420;
				LastUpgradeCheck = 1420;
				TargetAttributes = {
					035E4BF22A3F73B300EB06DC = {
						CreatedOnToolsVersion = 14.2;
					};
				};
			};
			buildConfigurationList = 035E4BEE2A3F73B300EB06DC /* Build configuration list for PBXProject "TKCanvas" */;
			compatibilityVersion = "Xcode 14.0";
			developmentRegion = en;
			hasScannedForEncodings = 0;
			knownRegions = (
				en,
				Base,
			);
			mainGroup = 035E4BEA2A3F73B300EB06DC;
			productRefGroup = 035E4BF42A3F73B300EB06DC /* Products */;
			projectDirPath = "";
			projectRoot = "";
			targets = (
				035E4BF22A3F73B300EB06DC /* TKCanvas */,
			);
		};
/* End PBXProject section */

/* Begin PBXResourcesBuildPhase section */
		035E4BF12A3F73B300EB06DC /* Resources */ = {
			isa = PBXResourcesBuildPhase;
			buildActionMask = 2147483647;
			files = (
				035E4C032A3F73B500EB06DC /* LaunchScreen.storyboard in Resources */,
				035E4C002A3F73B500EB06DC /* Assets.xcassets in Resources */,
				035E4C112A3F74CB00EB06DC /* CanvasSizeDataSource.plist in Resources */,
				035E4BFE2A3F73B300EB06DC /* Main.storyboard in Resources */,
			);
			runOnlyForDeploymentPostprocessing = 0;
		};
/* End PBXResourcesBuildPhase section */

/* Begin PBXSourcesBuildPhase section */
		035E4BEF2A3F73B300EB06DC /* Sources */ = {
			isa = PBXSourcesBuildPhase;
			buildActionMask = 2147483647;
			files = (
				035E4C0D2A3F744A00EB06DC /* ReadFromPlist.swift in Sources */,
				035E4C0B2A3F743A00EB06DC /* CanvasCollectionViewCell.swift in Sources */,
				035E4BFB2A3F73B300EB06DC /* ViewController.swift in Sources */,
				035E4BF72A3F73B300EB06DC /* AppDelegate.swift in Sources */,
				035E4BF92A3F73B300EB06DC /* SceneDelegate.swift in Sources */,
			);
			runOnlyForDeploymentPostprocessing = 0;
		};
/* End PBXSourcesBuildPhase section */

/* Begin PBXVariantGroup section */
		035E4BFC2A3F73B300EB06DC /* Main.storyboard */ = {
			isa = PBXVariantGroup;
			children = (
				035E4BFD2A3F73B300EB06DC /* Base */,
			);
			name = Main.storyboard;
			sourceTree = "<group>";
		};
		035E4C012A3F73B500EB06DC /* LaunchScreen.storyboard */ = {
			isa = PBXVariantGroup;
			children = (
				035E4C022A3F73B500EB06DC /* Base */,
			);
			name = LaunchScreen.storyboard;
			sourceTree = "<group>";
		};
/* End PBXVariantGroup section */

/* Begin XCBuildConfiguration section */
		035E4C052A3F73B500EB06DC /* Debug */ = {
			isa = XCBuildConfiguration;
			buildSettings = {
				ALWAYS_SEARCH_USER_PATHS = NO;
				CLANG_ANALYZER_NONNULL = YES;
				CLANG_ANALYZER_NUMBER_OBJECT_CONVERSION = YES_AGGRESSIVE;
				CLANG_CXX_LANGUAGE_STANDARD = "gnu++20";
				CLANG_ENABLE_MODULES = YES;
				CLANG_ENABLE_OBJC_ARC = YES;
				CLANG_ENABLE_OBJC_WEAK = YES;
				CLANG_WARN_BLOCK_CAPTURE_AUTORELEASING = YES;
				CLANG_WARN_BOOL_CONVERSION = YES;
				CLANG_WARN_COMMA = YES;
				CLANG_WARN_CONSTANT_CONVERSION = YES;
				CLANG_WARN_DEPRECATED_OBJC_IMPLEMENTATIONS = YES;
				CLANG_WARN_DIRECT_OBJC_ISA_USAGE = YES_ERROR;
				CLANG_WARN_DOCUMENTATION_COMMENTS = YES;
				CLANG_WARN_EMPTY_BODY = YES;
				CLANG_WARN_ENUM_CONVERSION = YES;
				CLANG_WARN_INFINITE_RECURSION = YES;
				CLANG_WARN_INT_CONVERSION = YES;
				CLANG_WARN_NON_LITERAL_NULL_CONVERSION = YES;
				CLANG_WARN_OBJC_IMPLICIT_RETAIN_SELF = YES;
				CLANG_WARN_OBJC_LITERAL_CONVERSION = YES;
				CLANG_WARN_OBJC_ROOT_CLASS = YES_ERROR;
				CLANG_WARN_QUOTED_INCLUDE_IN_FRAMEWORK_HEADER = YES;
				CLANG_WARN_RANGE_LOOP_ANALYSIS = YES;
				CLANG_WARN_STRICT_PROTOTYPES = YES;
				CLANG_WARN_SUSPICIOUS_MOVE = YES;
				CLANG_WARN_UNGUARDED_AVAILABILITY = YES_AGGRESSIVE;
				CLANG_WARN_UNREACHABLE_CODE = YES;
				CLANG_WARN__DUPLICATE_METHOD_MATCH = YES;
				COPY_PHASE_STRIP = NO;
				DEBUG_INFORMATION_FORMAT = dwarf;
				ENABLE_STRICT_OBJC_MSGSEND = YES;
				ENABLE_TESTABILITY = YES;
				GCC_C_LANGUAGE_STANDARD = gnu11;
				GCC_DYNAMIC_NO_PIC = NO;
				GCC_NO_COMMON_BLOCKS = YES;
				GCC_OPTIMIZATION_LEVEL = 0;
				GCC_PREPROCESSOR_DEFINITIONS = (
					"DEBUG=1",
					"$(inherited)",
				);
				GCC_WARN_64_TO_32_BIT_CONVERSION = YES;
				GCC_WARN_ABOUT_RETURN_TYPE = YES_ERROR;
				GCC_WARN_UNDECLARED_SELECTOR = YES;
				GCC_WARN_UNINITIALIZED_AUTOS = YES_AGGRESSIVE;
				GCC_WARN_UNUSED_FUNCTION = YES;
				GCC_WARN_UNUSED_VARIABLE = YES;
				IPHONEOS_DEPLOYMENT_TARGET = 16.2;
				MTL_ENABLE_DEBUG_INFO = INCLUDE_SOURCE;
				MTL_FAST_MATH = YES;
				ONLY_ACTIVE_ARCH = YES;
				SDKROOT = iphoneos;
				SWIFT_ACTIVE_COMPILATION_CONDITIONS = DEBUG;
				SWIFT_OPTIMIZATION_LEVEL = "-Onone";
			};
			name = Debug;
		};
		035E4C062A3F73B500EB06DC /* Release */ = {
			isa = XCBuildConfiguration;
			buildSettings = {
				ALWAYS_SEARCH_USER_PATHS = NO;
				CLANG_ANALYZER_NONNULL = YES;
				CLANG_ANALYZER_NUMBER_OBJECT_CONVERSION = YES_AGGRESSIVE;
				CLANG_CXX_LANGUAGE_STANDARD = "gnu++20";
				CLANG_ENABLE_MODULES = YES;
				CLANG_ENABLE_OBJC_ARC = YES;
				CLANG_ENABLE_OBJC_WEAK = YES;
				CLANG_WARN_BLOCK_CAPTURE_AUTORELEASING = YES;
				CLANG_WARN_BOOL_CONVERSION = YES;
				CLANG_WARN_COMMA = YES;
				CLANG_WARN_CONSTANT_CONVERSION = YES;
				CLANG_WARN_DEPRECATED_OBJC_IMPLEMENTATIONS = YES;
				CLANG_WARN_DIRECT_OBJC_ISA_USAGE = YES_ERROR;
				CLANG_WARN_DOCUMENTATION_COMMENTS = YES;
				CLANG_WARN_EMPTY_BODY = YES;
				CLANG_WARN_ENUM_CONVERSION = YES;
				CLANG_WARN_INFINITE_RECURSION = YES;
				CLANG_WARN_INT_CONVERSION = YES;
				CLANG_WARN_NON_LITERAL_NULL_CONVERSION = YES;
				CLANG_WARN_OBJC_IMPLICIT_RETAIN_SELF = YES;
				CLANG_WARN_OBJC_LITERAL_CONVERSION = YES;
				CLANG_WARN_OBJC_ROOT_CLASS = YES_ERROR;
				CLANG_WARN_QUOTED_INCLUDE_IN_FRAMEWORK_HEADER = YES;
				CLANG_WARN_RANGE_LOOP_ANALYSIS = YES;
				CLANG_WARN_STRICT_PROTOTYPES = YES;
				CLANG_WARN_SUSPICIOUS_MOVE = YES;
				CLANG_WARN_UNGUARDED_AVAILABILITY = YES_AGGRESSIVE;
				CLANG_WARN_UNREACHABLE_CODE = YES;
				CLANG_WARN__DUPLICATE_METHOD_MATCH = YES;
				COPY_PHASE_STRIP = NO;
				DEBUG_INFORMATION_FORMAT = "dwarf-with-dsym";
				ENABLE_NS_ASSERTIONS = NO;
				ENABLE_STRICT_OBJC_MSGSEND = YES;
				GCC_C_LANGUAGE_STANDARD = gnu11;
				GCC_NO_COMMON_BLOCKS = YES;
				GCC_WARN_64_TO_32_BIT_CONVERSION = YES;
				GCC_WARN_ABOUT_RETURN_TYPE = YES_ERROR;
				GCC_WARN_UNDECLARED_SELECTOR = YES;
				GCC_WARN_UNINITIALIZED_AUTOS = YES_AGGRESSIVE;
				GCC_WARN_UNUSED_FUNCTION = YES;
				GCC_WARN_UNUSED_VARIABLE = YES;
				IPHONEOS_DEPLOYMENT_TARGET = 16.2;
				MTL_ENABLE_DEBUG_INFO = NO;
				MTL_FAST_MATH = YES;
				SDKROOT = iphoneos;
				SWIFT_COMPILATION_MODE = wholemodule;
				SWIFT_OPTIMIZATION_LEVEL = "-O";
				VALIDATE_PRODUCT = YES;
			};
			name = Release;
		};
		035E4C082A3F73B500EB06DC /* Debug */ = {
			isa = XCBuildConfiguration;
			buildSettings = {
				ASSETCATALOG_COMPILER_APPICON_NAME = AppIcon;
				ASSETCATALOG_COMPILER_GLOBAL_ACCENT_COLOR_NAME = AccentColor;
				CODE_SIGN_STYLE = Automatic;
				CURRENT_PROJECT_VERSION = 1;
				DEVELOPMENT_TEAM = QQ9A9476GK;
				GENERATE_INFOPLIST_FILE = YES;
				INFOPLIST_FILE = TKCanvas/Info.plist;
				INFOPLIST_KEY_UIApplicationSupportsIndirectInputEvents = YES;
				INFOPLIST_KEY_UILaunchStoryboardName = LaunchScreen;
				INFOPLIST_KEY_UIMainStoryboardFile = Main;
				INFOPLIST_KEY_UISupportedInterfaceOrientations_iPad = "UIInterfaceOrientationPortrait UIInterfaceOrientationPortraitUpsideDown UIInterfaceOrientationLandscapeLeft UIInterfaceOrientationLandscapeRight";
				INFOPLIST_KEY_UISupportedInterfaceOrientations_iPhone = "UIInterfaceOrientationPortrait UIInterfaceOrientationLandscapeLeft UIInterfaceOrientationLandscapeRight";
				LD_RUNPATH_SEARCH_PATHS = (
					"$(inherited)",
					"@executable_path/Frameworks",
				);
				MARKETING_VERSION = 1.0;
				PRODUCT_BUNDLE_IDENTIFIER = com.tarif.TKCanvas;
				PRODUCT_NAME = "$(TARGET_NAME)";
				SWIFT_EMIT_LOC_STRINGS = YES;
				SWIFT_VERSION = 5.0;
				TARGETED_DEVICE_FAMILY = "1,2";
			};
			name = Debug;
		};
		035E4C092A3F73B500EB06DC /* Release */ = {
			isa = XCBuildConfiguration;
			buildSettings = {
				ASSETCATALOG_COMPILER_APPICON_NAME = AppIcon;
				ASSETCATALOG_COMPILER_GLOBAL_ACCENT_COLOR_NAME = AccentColor;
				CODE_SIGN_STYLE = Automatic;
				CURRENT_PROJECT_VERSION = 1;
				DEVELOPMENT_TEAM = QQ9A9476GK;
				GENERATE_INFOPLIST_FILE = YES;
				INFOPLIST_FILE = TKCanvas/Info.plist;
				INFOPLIST_KEY_UIApplicationSupportsIndirectInputEvents = YES;
				INFOPLIST_KEY_UILaunchStoryboardName = LaunchScreen;
				INFOPLIST_KEY_UIMainStoryboardFile = Main;
				INFOPLIST_KEY_UISupportedInterfaceOrientations_iPad = "UIInterfaceOrientationPortrait UIInterfaceOrientationPortraitUpsideDown UIInterfaceOrientationLandscapeLeft UIInterfaceOrientationLandscapeRight";
				INFOPLIST_KEY_UISupportedInterfaceOrientations_iPhone = "UIInterfaceOrientationPortrait UIInterfaceOrientationLandscapeLeft UIInterfaceOrientationLandscapeRight";
				LD_RUNPATH_SEARCH_PATHS = (
					"$(inherited)",
					"@executable_path/Frameworks",
				);
				MARKETING_VERSION = 1.0;
				PRODUCT_BUNDLE_IDENTIFIER = com.tarif.TKCanvas;
				PRODUCT_NAME = "$(TARGET_NAME)";
				SWIFT_EMIT_LOC_STRINGS = YES;
				SWIFT_VERSION = 5.0;
				TARGETED_DEVICE_FAMILY = "1,2";
			};
			name = Release;
		};
/* End XCBuildConfiguration section */

/* Begin XCConfigurationList section */
		035E4BEE2A3F73B300EB06DC /* Build configuration list for PBXProject "TKCanvas" */ = {
			isa = XCConfigurationList;
			buildConfigurations = (
				035E4C052A3F73B500EB06DC /* Debug */,
				035E4C062A3F73B500EB06DC /* Release */,
			);
			defaultConfigurationIsVisible = 0;
			defaultConfigurationName = Release;
		};
		035E4C072A3F73B500EB06DC /* Build configuration list for PBXNativeTarget "TKCanvas" */ = {
			isa = XCConfigurationList;
			buildConfigurations = (
				035E4C082A3F73B500EB06DC /* Debug */,
				035E4C092A3F73B500EB06DC /* Release */,
			);
			defaultConfigurationIsVisible = 0;
			defaultConfigurationName = Release;
		};
/* End XCConfigurationList section */
	};
	rootObject = 035E4BEB2A3F73B300EB06DC /* Project object */;
}
